// !$*UTF8*$!
{
	archiveVersion = 1;
	classes = {
	};
	objectVersion = 50;
	objects = {

/* Begin PBXBuildFile section */
		5A1114B319D3DDC561800C5A /* Pods_recruitmentUITests.framework in Frameworks */ = {isa = PBXBuildFile; fileRef = C1D2235459A9E7603868E027 /* Pods_recruitmentUITests.framework */; };
		6E0D8AF820EE705E006C7C33 /* IrisApi.swift in Sources */ = {isa = PBXBuildFile; fileRef = 6E0D8AF720EE705E006C7C33 /* IrisApi.swift */; };
		6E0D8AFB20EE74A3006C7C33 /* LoginRequest.swift in Sources */ = {isa = PBXBuildFile; fileRef = 6E0D8AFA20EE74A3006C7C33 /* LoginRequest.swift */; };
		6E0D8AFD20EE7680006C7C33 /* Endpoints.swift in Sources */ = {isa = PBXBuildFile; fileRef = 6E0D8AFC20EE7680006C7C33 /* Endpoints.swift */; };
		6E0D8AFF20EE7776006C7C33 /* LoginResponse.swift in Sources */ = {isa = PBXBuildFile; fileRef = 6E0D8AFE20EE7776006C7C33 /* LoginResponse.swift */; };
		6E0D8B0120EE79D1006C7C33 /* LoginPresenter.swift in Sources */ = {isa = PBXBuildFile; fileRef = 6E0D8B0020EE79D1006C7C33 /* LoginPresenter.swift */; };
		6E0D8B0320EE7AD4006C7C33 /* LoginInteractor.swift in Sources */ = {isa = PBXBuildFile; fileRef = 6E0D8B0220EE7AD4006C7C33 /* LoginInteractor.swift */; };
		6E0D8B0620EEAF48006C7C33 /* JobListViewController.swift in Sources */ = {isa = PBXBuildFile; fileRef = 6E0D8B0520EEAF48006C7C33 /* JobListViewController.swift */; };
		6E0D8B0820EEAF59006C7C33 /* JobListPresenter.swift in Sources */ = {isa = PBXBuildFile; fileRef = 6E0D8B0720EEAF59006C7C33 /* JobListPresenter.swift */; };
		6E0D8B0A20EEAF67006C7C33 /* JobListInteractor.swift in Sources */ = {isa = PBXBuildFile; fileRef = 6E0D8B0920EEAF67006C7C33 /* JobListInteractor.swift */; };
		6E0D8B0C20EEAFF9006C7C33 /* JobsStoryboard.storyboard in Resources */ = {isa = PBXBuildFile; fileRef = 6E0D8B0B20EEAFF9006C7C33 /* JobsStoryboard.storyboard */; };
		6E0D8B0E20EECA80006C7C33 /* Job.swift in Sources */ = {isa = PBXBuildFile; fileRef = 6E0D8B0D20EECA80006C7C33 /* Job.swift */; };
		6E0D8B1020EECBFD006C7C33 /* JobListCollectionCell.swift in Sources */ = {isa = PBXBuildFile; fileRef = 6E0D8B0F20EECBFD006C7C33 /* JobListCollectionCell.swift */; };
		6E0D8B1320EECE05006C7C33 /* Reusable.swift in Sources */ = {isa = PBXBuildFile; fileRef = 6E0D8B1220EECE05006C7C33 /* Reusable.swift */; };
		6E0D8B1520EECE4B006C7C33 /* NibExtension.swift in Sources */ = {isa = PBXBuildFile; fileRef = 6E0D8B1420EECE4B006C7C33 /* NibExtension.swift */; };
		6E0D8B1920EED009006C7C33 /* JobsRequest.swift in Sources */ = {isa = PBXBuildFile; fileRef = 6E0D8B1820EED009006C7C33 /* JobsRequest.swift */; };
		6E0D8B1B20EED026006C7C33 /* JobsResponse.swift in Sources */ = {isa = PBXBuildFile; fileRef = 6E0D8B1A20EED026006C7C33 /* JobsResponse.swift */; };
		6E0D8B1D20EED0FD006C7C33 /* LoginErrorResponse.swift in Sources */ = {isa = PBXBuildFile; fileRef = 6E0D8B1C20EED0FC006C7C33 /* LoginErrorResponse.swift */; };
		6E0D8B1F20EFA78F006C7C33 /* User.swift in Sources */ = {isa = PBXBuildFile; fileRef = 6E0D8B1E20EFA78F006C7C33 /* User.swift */; };
		6E0D8B2220EFCEEB006C7C33 /* SessionManager.swift in Sources */ = {isa = PBXBuildFile; fileRef = 6E0D8B2120EFCEEB006C7C33 /* SessionManager.swift */; };
		6E0D8B2420EFCFFF006C7C33 /* LoginResponseExtension.swift in Sources */ = {isa = PBXBuildFile; fileRef = 6E0D8B2320EFCFFF006C7C33 /* LoginResponseExtension.swift */; };
		6E0D8B2620EFD0CB006C7C33 /* JobsResponseExtension.swift in Sources */ = {isa = PBXBuildFile; fileRef = 6E0D8B2520EFD0CB006C7C33 /* JobsResponseExtension.swift */; };
		6E0D8B2920F0AC32006C7C33 /* JobDescriptionViewController.swift in Sources */ = {isa = PBXBuildFile; fileRef = 6E0D8B2820F0AC32006C7C33 /* JobDescriptionViewController.swift */; };
		6E0D8B2B20F0B197006C7C33 /* JobDescriptionPresenter.swift in Sources */ = {isa = PBXBuildFile; fileRef = 6E0D8B2A20F0B197006C7C33 /* JobDescriptionPresenter.swift */; };
		6E0D8B2D20F0B1BF006C7C33 /* JobDescriptionInteractor.swift in Sources */ = {isa = PBXBuildFile; fileRef = 6E0D8B2C20F0B1BF006C7C33 /* JobDescriptionInteractor.swift */; };
		6E44192120DA53600030BC4C /* LeftViewTextField.swift in Sources */ = {isa = PBXBuildFile; fileRef = 6E44192020DA53600030BC4C /* LeftViewTextField.swift */; };
		6E44192520DA53DB0030BC4C /* Login.storyboard in Resources */ = {isa = PBXBuildFile; fileRef = 6E44192420DA53DB0030BC4C /* Login.storyboard */; };
		6E44192720DA553F0030BC4C /* LoginViewController.swift in Sources */ = {isa = PBXBuildFile; fileRef = 6E44192620DA553F0030BC4C /* LoginViewController.swift */; };
		6ECF090F20D96D4E002227B2 /* AppDelegate.swift in Sources */ = {isa = PBXBuildFile; fileRef = 6ECF090E20D96D4E002227B2 /* AppDelegate.swift */; };
		6ECF091120D96D4E002227B2 /* ViewController.swift in Sources */ = {isa = PBXBuildFile; fileRef = 6ECF091020D96D4E002227B2 /* ViewController.swift */; };
		6ECF091420D96D4E002227B2 /* Main.storyboard in Resources */ = {isa = PBXBuildFile; fileRef = 6ECF091220D96D4E002227B2 /* Main.storyboard */; };
		6ECF091620D96D51002227B2 /* Assets.xcassets in Resources */ = {isa = PBXBuildFile; fileRef = 6ECF091520D96D51002227B2 /* Assets.xcassets */; };
		6ECF091920D96D51002227B2 /* LaunchScreen.storyboard in Resources */ = {isa = PBXBuildFile; fileRef = 6ECF091720D96D51002227B2 /* LaunchScreen.storyboard */; };
		6ECF092420D96D51002227B2 /* recruitmentTests.swift in Sources */ = {isa = PBXBuildFile; fileRef = 6ECF092320D96D51002227B2 /* recruitmentTests.swift */; };
		6ECF092F20D96D51002227B2 /* recruitmentUITests.swift in Sources */ = {isa = PBXBuildFile; fileRef = 6ECF092E20D96D51002227B2 /* recruitmentUITests.swift */; };
		7681A117C394FE5129C20088 /* Pods_recruitmentTests.framework in Frameworks */ = {isa = PBXBuildFile; fileRef = B75D594F7420174E18EB9C92 /* Pods_recruitmentTests.framework */; };
		CB40BC92991BEFF12029C459 /* Pods_recruitment.framework in Frameworks */ = {isa = PBXBuildFile; fileRef = 16F053B10BD5C5767A4E92EC /* Pods_recruitment.framework */; };
/* End PBXBuildFile section */

/* Begin PBXContainerItemProxy section */
		6ECF092020D96D51002227B2 /* PBXContainerItemProxy */ = {
			isa = PBXContainerItemProxy;
			containerPortal = 6ECF090320D96D4E002227B2 /* Project object */;
			proxyType = 1;
			remoteGlobalIDString = 6ECF090A20D96D4E002227B2;
			remoteInfo = recruitment;
		};
		6ECF092B20D96D51002227B2 /* PBXContainerItemProxy */ = {
			isa = PBXContainerItemProxy;
			containerPortal = 6ECF090320D96D4E002227B2 /* Project object */;
			proxyType = 1;
			remoteGlobalIDString = 6ECF090A20D96D4E002227B2;
			remoteInfo = recruitment;
		};
/* End PBXContainerItemProxy section */

/* Begin PBXFileReference section */
		16F053B10BD5C5767A4E92EC /* Pods_recruitment.framework */ = {isa = PBXFileReference; explicitFileType = wrapper.framework; includeInIndex = 0; path = Pods_recruitment.framework; sourceTree = BUILT_PRODUCTS_DIR; };
		1D398041A88BCEE9F4000EDC /* Pods-recruitment.release.xcconfig */ = {isa = PBXFileReference; includeInIndex = 1; lastKnownFileType = text.xcconfig; name = "Pods-recruitment.release.xcconfig"; path = "Pods/Target Support Files/Pods-recruitment/Pods-recruitment.release.xcconfig"; sourceTree = "<group>"; };
		37C524A5E9745F8A213B6C9E /* Pods-recruitment.debug.xcconfig */ = {isa = PBXFileReference; includeInIndex = 1; lastKnownFileType = text.xcconfig; name = "Pods-recruitment.debug.xcconfig"; path = "Pods/Target Support Files/Pods-recruitment/Pods-recruitment.debug.xcconfig"; sourceTree = "<group>"; };
		55BE6686099E0E24F2C4DB5F /* Pods-recruitmentUITests.release.xcconfig */ = {isa = PBXFileReference; includeInIndex = 1; lastKnownFileType = text.xcconfig; name = "Pods-recruitmentUITests.release.xcconfig"; path = "Pods/Target Support Files/Pods-recruitmentUITests/Pods-recruitmentUITests.release.xcconfig"; sourceTree = "<group>"; };
		6E0D8AF720EE705E006C7C33 /* IrisApi.swift */ = {isa = PBXFileReference; lastKnownFileType = sourcecode.swift; path = IrisApi.swift; sourceTree = "<group>"; };
		6E0D8AFA20EE74A3006C7C33 /* LoginRequest.swift */ = {isa = PBXFileReference; lastKnownFileType = sourcecode.swift; path = LoginRequest.swift; sourceTree = "<group>"; };
		6E0D8AFC20EE7680006C7C33 /* Endpoints.swift */ = {isa = PBXFileReference; lastKnownFileType = sourcecode.swift; path = Endpoints.swift; sourceTree = "<group>"; };
		6E0D8AFE20EE7776006C7C33 /* LoginResponse.swift */ = {isa = PBXFileReference; lastKnownFileType = sourcecode.swift; path = LoginResponse.swift; sourceTree = "<group>"; };
		6E0D8B0020EE79D1006C7C33 /* LoginPresenter.swift */ = {isa = PBXFileReference; lastKnownFileType = sourcecode.swift; path = LoginPresenter.swift; sourceTree = "<group>"; };
		6E0D8B0220EE7AD4006C7C33 /* LoginInteractor.swift */ = {isa = PBXFileReference; lastKnownFileType = sourcecode.swift; path = LoginInteractor.swift; sourceTree = "<group>"; };
		6E0D8B0520EEAF48006C7C33 /* JobListViewController.swift */ = {isa = PBXFileReference; lastKnownFileType = sourcecode.swift; path = JobListViewController.swift; sourceTree = "<group>"; };
		6E0D8B0720EEAF59006C7C33 /* JobListPresenter.swift */ = {isa = PBXFileReference; lastKnownFileType = sourcecode.swift; path = JobListPresenter.swift; sourceTree = "<group>"; };
		6E0D8B0920EEAF67006C7C33 /* JobListInteractor.swift */ = {isa = PBXFileReference; lastKnownFileType = sourcecode.swift; path = JobListInteractor.swift; sourceTree = "<group>"; };
		6E0D8B0B20EEAFF9006C7C33 /* JobsStoryboard.storyboard */ = {isa = PBXFileReference; lastKnownFileType = file.storyboard; path = JobsStoryboard.storyboard; sourceTree = "<group>"; };
		6E0D8B0D20EECA80006C7C33 /* Job.swift */ = {isa = PBXFileReference; lastKnownFileType = sourcecode.swift; path = Job.swift; sourceTree = "<group>"; };
		6E0D8B0F20EECBFD006C7C33 /* JobListCollectionCell.swift */ = {isa = PBXFileReference; lastKnownFileType = sourcecode.swift; path = JobListCollectionCell.swift; sourceTree = "<group>"; };
		6E0D8B1220EECE05006C7C33 /* Reusable.swift */ = {isa = PBXFileReference; lastKnownFileType = sourcecode.swift; path = Reusable.swift; sourceTree = "<group>"; };
		6E0D8B1420EECE4B006C7C33 /* NibExtension.swift */ = {isa = PBXFileReference; lastKnownFileType = sourcecode.swift; path = NibExtension.swift; sourceTree = "<group>"; };
		6E0D8B1820EED009006C7C33 /* JobsRequest.swift */ = {isa = PBXFileReference; lastKnownFileType = sourcecode.swift; path = JobsRequest.swift; sourceTree = "<group>"; };
		6E0D8B1A20EED026006C7C33 /* JobsResponse.swift */ = {isa = PBXFileReference; lastKnownFileType = sourcecode.swift; path = JobsResponse.swift; sourceTree = "<group>"; };
		6E0D8B1C20EED0FC006C7C33 /* LoginErrorResponse.swift */ = {isa = PBXFileReference; lastKnownFileType = sourcecode.swift; path = LoginErrorResponse.swift; sourceTree = "<group>"; };
		6E0D8B1E20EFA78F006C7C33 /* User.swift */ = {isa = PBXFileReference; lastKnownFileType = sourcecode.swift; path = User.swift; sourceTree = "<group>"; };
		6E0D8B2120EFCEEB006C7C33 /* SessionManager.swift */ = {isa = PBXFileReference; lastKnownFileType = sourcecode.swift; path = SessionManager.swift; sourceTree = "<group>"; };
		6E0D8B2320EFCFFF006C7C33 /* LoginResponseExtension.swift */ = {isa = PBXFileReference; lastKnownFileType = sourcecode.swift; path = LoginResponseExtension.swift; sourceTree = "<group>"; };
		6E0D8B2520EFD0CB006C7C33 /* JobsResponseExtension.swift */ = {isa = PBXFileReference; lastKnownFileType = sourcecode.swift; path = JobsResponseExtension.swift; sourceTree = "<group>"; };
		6E0D8B2820F0AC32006C7C33 /* JobDescriptionViewController.swift */ = {isa = PBXFileReference; lastKnownFileType = sourcecode.swift; path = JobDescriptionViewController.swift; sourceTree = "<group>"; };
		6E0D8B2A20F0B197006C7C33 /* JobDescriptionPresenter.swift */ = {isa = PBXFileReference; lastKnownFileType = sourcecode.swift; path = JobDescriptionPresenter.swift; sourceTree = "<group>"; };
		6E0D8B2C20F0B1BF006C7C33 /* JobDescriptionInteractor.swift */ = {isa = PBXFileReference; lastKnownFileType = sourcecode.swift; path = JobDescriptionInteractor.swift; sourceTree = "<group>"; };
		6E44192020DA53600030BC4C /* LeftViewTextField.swift */ = {isa = PBXFileReference; fileEncoding = 4; lastKnownFileType = sourcecode.swift; path = LeftViewTextField.swift; sourceTree = "<group>"; };
		6E44192420DA53DB0030BC4C /* Login.storyboard */ = {isa = PBXFileReference; lastKnownFileType = file.storyboard; path = Login.storyboard; sourceTree = "<group>"; };
		6E44192620DA553F0030BC4C /* LoginViewController.swift */ = {isa = PBXFileReference; lastKnownFileType = sourcecode.swift; path = LoginViewController.swift; sourceTree = "<group>"; };
		6ECF090B20D96D4E002227B2 /* recruitment.app */ = {isa = PBXFileReference; explicitFileType = wrapper.application; includeInIndex = 0; path = recruitment.app; sourceTree = BUILT_PRODUCTS_DIR; };
		6ECF090E20D96D4E002227B2 /* AppDelegate.swift */ = {isa = PBXFileReference; lastKnownFileType = sourcecode.swift; path = AppDelegate.swift; sourceTree = "<group>"; };
		6ECF091020D96D4E002227B2 /* ViewController.swift */ = {isa = PBXFileReference; lastKnownFileType = sourcecode.swift; path = ViewController.swift; sourceTree = "<group>"; };
		6ECF091320D96D4E002227B2 /* Base */ = {isa = PBXFileReference; lastKnownFileType = file.storyboard; name = Base; path = Base.lproj/Main.storyboard; sourceTree = "<group>"; };
		6ECF091520D96D51002227B2 /* Assets.xcassets */ = {isa = PBXFileReference; lastKnownFileType = folder.assetcatalog; path = Assets.xcassets; sourceTree = "<group>"; };
		6ECF091820D96D51002227B2 /* Base */ = {isa = PBXFileReference; lastKnownFileType = file.storyboard; name = Base; path = Base.lproj/LaunchScreen.storyboard; sourceTree = "<group>"; };
		6ECF091A20D96D51002227B2 /* Info.plist */ = {isa = PBXFileReference; lastKnownFileType = text.plist.xml; path = Info.plist; sourceTree = "<group>"; };
		6ECF091F20D96D51002227B2 /* recruitmentTests.xctest */ = {isa = PBXFileReference; explicitFileType = wrapper.cfbundle; includeInIndex = 0; path = recruitmentTests.xctest; sourceTree = BUILT_PRODUCTS_DIR; };
		6ECF092320D96D51002227B2 /* recruitmentTests.swift */ = {isa = PBXFileReference; lastKnownFileType = sourcecode.swift; path = recruitmentTests.swift; sourceTree = "<group>"; };
		6ECF092520D96D51002227B2 /* Info.plist */ = {isa = PBXFileReference; lastKnownFileType = text.plist.xml; path = Info.plist; sourceTree = "<group>"; };
		6ECF092A20D96D51002227B2 /* recruitmentUITests.xctest */ = {isa = PBXFileReference; explicitFileType = wrapper.cfbundle; includeInIndex = 0; path = recruitmentUITests.xctest; sourceTree = BUILT_PRODUCTS_DIR; };
		6ECF092E20D96D51002227B2 /* recruitmentUITests.swift */ = {isa = PBXFileReference; lastKnownFileType = sourcecode.swift; path = recruitmentUITests.swift; sourceTree = "<group>"; };
		6ECF093020D96D51002227B2 /* Info.plist */ = {isa = PBXFileReference; lastKnownFileType = text.plist.xml; path = Info.plist; sourceTree = "<group>"; };
		7383DC3B816F46142721187E /* Pods-recruitmentTests.release.xcconfig */ = {isa = PBXFileReference; includeInIndex = 1; lastKnownFileType = text.xcconfig; name = "Pods-recruitmentTests.release.xcconfig"; path = "Pods/Target Support Files/Pods-recruitmentTests/Pods-recruitmentTests.release.xcconfig"; sourceTree = "<group>"; };
		B75D594F7420174E18EB9C92 /* Pods_recruitmentTests.framework */ = {isa = PBXFileReference; explicitFileType = wrapper.framework; includeInIndex = 0; path = Pods_recruitmentTests.framework; sourceTree = BUILT_PRODUCTS_DIR; };
		C1D2235459A9E7603868E027 /* Pods_recruitmentUITests.framework */ = {isa = PBXFileReference; explicitFileType = wrapper.framework; includeInIndex = 0; path = Pods_recruitmentUITests.framework; sourceTree = BUILT_PRODUCTS_DIR; };
		D1536460A93C6C15FDF372FB /* Pods-recruitmentTests.debug.xcconfig */ = {isa = PBXFileReference; includeInIndex = 1; lastKnownFileType = text.xcconfig; name = "Pods-recruitmentTests.debug.xcconfig"; path = "Pods/Target Support Files/Pods-recruitmentTests/Pods-recruitmentTests.debug.xcconfig"; sourceTree = "<group>"; };
		E926C4D00601433900911E42 /* Pods-recruitmentUITests.debug.xcconfig */ = {isa = PBXFileReference; includeInIndex = 1; lastKnownFileType = text.xcconfig; name = "Pods-recruitmentUITests.debug.xcconfig"; path = "Pods/Target Support Files/Pods-recruitmentUITests/Pods-recruitmentUITests.debug.xcconfig"; sourceTree = "<group>"; };
/* End PBXFileReference section */

/* Begin PBXFrameworksBuildPhase section */
		6ECF090820D96D4E002227B2 /* Frameworks */ = {
			isa = PBXFrameworksBuildPhase;
			buildActionMask = 2147483647;
			files = (
				CB40BC92991BEFF12029C459 /* Pods_recruitment.framework in Frameworks */,
			);
			runOnlyForDeploymentPostprocessing = 0;
		};
		6ECF091C20D96D51002227B2 /* Frameworks */ = {
			isa = PBXFrameworksBuildPhase;
			buildActionMask = 2147483647;
			files = (
				7681A117C394FE5129C20088 /* Pods_recruitmentTests.framework in Frameworks */,
			);
			runOnlyForDeploymentPostprocessing = 0;
		};
		6ECF092720D96D51002227B2 /* Frameworks */ = {
			isa = PBXFrameworksBuildPhase;
			buildActionMask = 2147483647;
			files = (
				5A1114B319D3DDC561800C5A /* Pods_recruitmentUITests.framework in Frameworks */,
			);
			runOnlyForDeploymentPostprocessing = 0;
		};
/* End PBXFrameworksBuildPhase section */

/* Begin PBXGroup section */
		3147DF9890ED2359A2246246 /* Pods */ = {
			isa = PBXGroup;
			children = (
				37C524A5E9745F8A213B6C9E /* Pods-recruitment.debug.xcconfig */,
				1D398041A88BCEE9F4000EDC /* Pods-recruitment.release.xcconfig */,
				D1536460A93C6C15FDF372FB /* Pods-recruitmentTests.debug.xcconfig */,
				7383DC3B816F46142721187E /* Pods-recruitmentTests.release.xcconfig */,
				E926C4D00601433900911E42 /* Pods-recruitmentUITests.debug.xcconfig */,
				55BE6686099E0E24F2C4DB5F /* Pods-recruitmentUITests.release.xcconfig */,
			);
			name = Pods;
			sourceTree = "<group>";
		};
		411071F0C406ECC762132127 /* Frameworks */ = {
			isa = PBXGroup;
			children = (
				16F053B10BD5C5767A4E92EC /* Pods_recruitment.framework */,
				B75D594F7420174E18EB9C92 /* Pods_recruitmentTests.framework */,
				C1D2235459A9E7603868E027 /* Pods_recruitmentUITests.framework */,
			);
			name = Frameworks;
			sourceTree = "<group>";
		};
		6E0D8AF620EE7018006C7C33 /* Networking */ = {
			isa = PBXGroup;
			children = (
				6E0D8B1620EECFEE006C7C33 /* Requests */,
				6E0D8B1720EECFEE006C7C33 /* Responses */,
				6E0D8AF720EE705E006C7C33 /* IrisApi.swift */,
				6E0D8AFC20EE7680006C7C33 /* Endpoints.swift */,
			);
			path = Networking;
			sourceTree = "<group>";
		};
		6E0D8AF920EE7496006C7C33 /* Model */ = {
			isa = PBXGroup;
			children = (
				6E0D8B0D20EECA80006C7C33 /* Job.swift */,
				6E0D8B1E20EFA78F006C7C33 /* User.swift */,
			);
			path = Model;
			sourceTree = "<group>";
		};
		6E0D8B0420EEAF37006C7C33 /* JobList */ = {
			isa = PBXGroup;
			children = (
				6E0D8B0520EEAF48006C7C33 /* JobListViewController.swift */,
				6E0D8B0720EEAF59006C7C33 /* JobListPresenter.swift */,
				6E0D8B0920EEAF67006C7C33 /* JobListInteractor.swift */,
				6E0D8B0B20EEAFF9006C7C33 /* JobsStoryboard.storyboard */,
				6E0D8B0F20EECBFD006C7C33 /* JobListCollectionCell.swift */,
			);
			path = JobList;
			sourceTree = "<group>";
		};
		6E0D8B1120EECDFA006C7C33 /* Extensions */ = {
			isa = PBXGroup;
			children = (
				6E0D8B1220EECE05006C7C33 /* Reusable.swift */,
				6E0D8B1420EECE4B006C7C33 /* NibExtension.swift */,
				6E0D8B2320EFCFFF006C7C33 /* LoginResponseExtension.swift */,
				6E0D8B2520EFD0CB006C7C33 /* JobsResponseExtension.swift */,
			);
			path = Extensions;
			sourceTree = "<group>";
		};
		6E0D8B1620EECFEE006C7C33 /* Requests */ = {
			isa = PBXGroup;
			children = (
				6E0D8AFA20EE74A3006C7C33 /* LoginRequest.swift */,
				6E0D8B1820EED009006C7C33 /* JobsRequest.swift */,
			);
			path = Requests;
			sourceTree = "<group>";
		};
		6E0D8B1720EECFEE006C7C33 /* Responses */ = {
			isa = PBXGroup;
			children = (
				6E0D8AFE20EE7776006C7C33 /* LoginResponse.swift */,
				6E0D8B1A20EED026006C7C33 /* JobsResponse.swift */,
				6E0D8B1C20EED0FC006C7C33 /* LoginErrorResponse.swift */,
			);
			path = Responses;
			sourceTree = "<group>";
		};
		6E0D8B2020EFCEDD006C7C33 /* Managers */ = {
			isa = PBXGroup;
			children = (
				6E0D8B2120EFCEEB006C7C33 /* SessionManager.swift */,
			);
			path = Managers;
			sourceTree = "<group>";
		};
		6E0D8B2720F0AC21006C7C33 /* JobDescription */ = {
			isa = PBXGroup;
			children = (
				6E0D8B2820F0AC32006C7C33 /* JobDescriptionViewController.swift */,
				6E0D8B2A20F0B197006C7C33 /* JobDescriptionPresenter.swift */,
				6E0D8B2C20F0B1BF006C7C33 /* JobDescriptionInteractor.swift */,
			);
			path = JobDescription;
			sourceTree = "<group>";
		};
		6E44191F20DA53600030BC4C /* Views */ = {
			isa = PBXGroup;
			children = (
				6E44192020DA53600030BC4C /* LeftViewTextField.swift */,
			);
			path = Views;
			sourceTree = "<group>";
		};
		6E44192220DA53B60030BC4C /* Scenes */ = {
			isa = PBXGroup;
			children = (
				6E0D8B2720F0AC21006C7C33 /* JobDescription */,
				6E0D8B0420EEAF37006C7C33 /* JobList */,
				6E44192320DA53D10030BC4C /* Login */,
			);
			path = Scenes;
			sourceTree = "<group>";
		};
		6E44192320DA53D10030BC4C /* Login */ = {
			isa = PBXGroup;
			children = (
				6E44192420DA53DB0030BC4C /* Login.storyboard */,
				6E44192620DA553F0030BC4C /* LoginViewController.swift */,
				6E0D8B0020EE79D1006C7C33 /* LoginPresenter.swift */,
				6E0D8B0220EE7AD4006C7C33 /* LoginInteractor.swift */,
			);
			path = Login;
			sourceTree = "<group>";
		};
		6ECF090220D96D4E002227B2 = {
			isa = PBXGroup;
			children = (
				6ECF090D20D96D4E002227B2 /* recruitment */,
				6ECF092220D96D51002227B2 /* recruitmentTests */,
				6ECF092D20D96D51002227B2 /* recruitmentUITests */,
				6ECF090C20D96D4E002227B2 /* Products */,
				3147DF9890ED2359A2246246 /* Pods */,
				411071F0C406ECC762132127 /* Frameworks */,
			);
			sourceTree = "<group>";
		};
		6ECF090C20D96D4E002227B2 /* Products */ = {
			isa = PBXGroup;
			children = (
				6ECF090B20D96D4E002227B2 /* recruitment.app */,
				6ECF091F20D96D51002227B2 /* recruitmentTests.xctest */,
				6ECF092A20D96D51002227B2 /* recruitmentUITests.xctest */,
			);
			name = Products;
			sourceTree = "<group>";
		};
		6ECF090D20D96D4E002227B2 /* recruitment */ = {
			isa = PBXGroup;
			children = (
				6E0D8B2020EFCEDD006C7C33 /* Managers */,
				6E0D8B1120EECDFA006C7C33 /* Extensions */,
				6E0D8AF920EE7496006C7C33 /* Model */,
				6E0D8AF620EE7018006C7C33 /* Networking */,
				6E44192220DA53B60030BC4C /* Scenes */,
				6E44191F20DA53600030BC4C /* Views */,
				6ECF090E20D96D4E002227B2 /* AppDelegate.swift */,
				6ECF091020D96D4E002227B2 /* ViewController.swift */,
				6ECF091220D96D4E002227B2 /* Main.storyboard */,
				6ECF091520D96D51002227B2 /* Assets.xcassets */,
				6ECF091720D96D51002227B2 /* LaunchScreen.storyboard */,
				6ECF091A20D96D51002227B2 /* Info.plist */,
			);
			path = recruitment;
			sourceTree = "<group>";
		};
		6ECF092220D96D51002227B2 /* recruitmentTests */ = {
			isa = PBXGroup;
			children = (
				6ECF092320D96D51002227B2 /* recruitmentTests.swift */,
				6ECF092520D96D51002227B2 /* Info.plist */,
			);
			path = recruitmentTests;
			sourceTree = "<group>";
		};
		6ECF092D20D96D51002227B2 /* recruitmentUITests */ = {
			isa = PBXGroup;
			children = (
				6ECF092E20D96D51002227B2 /* recruitmentUITests.swift */,
				6ECF093020D96D51002227B2 /* Info.plist */,
			);
			path = recruitmentUITests;
			sourceTree = "<group>";
		};
/* End PBXGroup section */

/* Begin PBXNativeTarget section */
		6ECF090A20D96D4E002227B2 /* recruitment */ = {
			isa = PBXNativeTarget;
			buildConfigurationList = 6ECF093320D96D51002227B2 /* Build configuration list for PBXNativeTarget "recruitment" */;
			buildPhases = (
				38A690AF2324D7D380D1680F /* [CP] Check Pods Manifest.lock */,
				6ECF090720D96D4E002227B2 /* Sources */,
				6ECF090820D96D4E002227B2 /* Frameworks */,
				6ECF090920D96D4E002227B2 /* Resources */,
				88DB00DC01F4380F27916B6C /* [CP] Embed Pods Frameworks */,
			);
			buildRules = (
			);
			dependencies = (
			);
			name = recruitment;
			productName = recruitment;
			productReference = 6ECF090B20D96D4E002227B2 /* recruitment.app */;
			productType = "com.apple.product-type.application";
		};
		6ECF091E20D96D51002227B2 /* recruitmentTests */ = {
			isa = PBXNativeTarget;
			buildConfigurationList = 6ECF093620D96D51002227B2 /* Build configuration list for PBXNativeTarget "recruitmentTests" */;
			buildPhases = (
				D892BEDCB5B9818F4A815570 /* [CP] Check Pods Manifest.lock */,
				6ECF091B20D96D51002227B2 /* Sources */,
				6ECF091C20D96D51002227B2 /* Frameworks */,
				6ECF091D20D96D51002227B2 /* Resources */,
			);
			buildRules = (
			);
			dependencies = (
				6ECF092120D96D51002227B2 /* PBXTargetDependency */,
			);
			name = recruitmentTests;
			productName = recruitmentTests;
			productReference = 6ECF091F20D96D51002227B2 /* recruitmentTests.xctest */;
			productType = "com.apple.product-type.bundle.unit-test";
		};
		6ECF092920D96D51002227B2 /* recruitmentUITests */ = {
			isa = PBXNativeTarget;
			buildConfigurationList = 6ECF093920D96D51002227B2 /* Build configuration list for PBXNativeTarget "recruitmentUITests" */;
			buildPhases = (
				061FDC5E4FE4305EA00DC807 /* [CP] Check Pods Manifest.lock */,
				6ECF092620D96D51002227B2 /* Sources */,
				6ECF092720D96D51002227B2 /* Frameworks */,
				6ECF092820D96D51002227B2 /* Resources */,
			);
			buildRules = (
			);
			dependencies = (
				6ECF092C20D96D51002227B2 /* PBXTargetDependency */,
			);
			name = recruitmentUITests;
			productName = recruitmentUITests;
			productReference = 6ECF092A20D96D51002227B2 /* recruitmentUITests.xctest */;
			productType = "com.apple.product-type.bundle.ui-testing";
		};
/* End PBXNativeTarget section */

/* Begin PBXProject section */
		6ECF090320D96D4E002227B2 /* Project object */ = {
			isa = PBXProject;
			attributes = {
				LastSwiftUpdateCheck = 0940;
				LastUpgradeCheck = 0940;
				ORGANIZATIONNAME = "Iris connect";
				TargetAttributes = {
					6ECF090A20D96D4E002227B2 = {
						CreatedOnToolsVersion = 9.4;
					};
					6ECF091E20D96D51002227B2 = {
						CreatedOnToolsVersion = 9.4;
						TestTargetID = 6ECF090A20D96D4E002227B2;
					};
					6ECF092920D96D51002227B2 = {
						CreatedOnToolsVersion = 9.4;
						TestTargetID = 6ECF090A20D96D4E002227B2;
					};
				};
			};
			buildConfigurationList = 6ECF090620D96D4E002227B2 /* Build configuration list for PBXProject "recruitment" */;
			compatibilityVersion = "Xcode 9.3";
			developmentRegion = en;
			hasScannedForEncodings = 0;
			knownRegions = (
				en,
				Base,
			);
			mainGroup = 6ECF090220D96D4E002227B2;
			productRefGroup = 6ECF090C20D96D4E002227B2 /* Products */;
			projectDirPath = "";
			projectRoot = "";
			targets = (
				6ECF090A20D96D4E002227B2 /* recruitment */,
				6ECF091E20D96D51002227B2 /* recruitmentTests */,
				6ECF092920D96D51002227B2 /* recruitmentUITests */,
			);
		};
/* End PBXProject section */

/* Begin PBXResourcesBuildPhase section */
		6ECF090920D96D4E002227B2 /* Resources */ = {
			isa = PBXResourcesBuildPhase;
			buildActionMask = 2147483647;
			files = (
				6E44192520DA53DB0030BC4C /* Login.storyboard in Resources */,
				6E0D8B0C20EEAFF9006C7C33 /* JobsStoryboard.storyboard in Resources */,
				6ECF091920D96D51002227B2 /* LaunchScreen.storyboard in Resources */,
				6ECF091620D96D51002227B2 /* Assets.xcassets in Resources */,
				6ECF091420D96D4E002227B2 /* Main.storyboard in Resources */,
			);
			runOnlyForDeploymentPostprocessing = 0;
		};
		6ECF091D20D96D51002227B2 /* Resources */ = {
			isa = PBXResourcesBuildPhase;
			buildActionMask = 2147483647;
			files = (
			);
			runOnlyForDeploymentPostprocessing = 0;
		};
		6ECF092820D96D51002227B2 /* Resources */ = {
			isa = PBXResourcesBuildPhase;
			buildActionMask = 2147483647;
			files = (
			);
			runOnlyForDeploymentPostprocessing = 0;
		};
/* End PBXResourcesBuildPhase section */

/* Begin PBXShellScriptBuildPhase section */
		061FDC5E4FE4305EA00DC807 /* [CP] Check Pods Manifest.lock */ = {
			isa = PBXShellScriptBuildPhase;
			buildActionMask = 2147483647;
			files = (
			);
			inputPaths = (
				"${PODS_PODFILE_DIR_PATH}/Podfile.lock",
				"${PODS_ROOT}/Manifest.lock",
			);
			name = "[CP] Check Pods Manifest.lock";
			outputPaths = (
				"$(DERIVED_FILE_DIR)/Pods-recruitmentUITests-checkManifestLockResult.txt",
			);
			runOnlyForDeploymentPostprocessing = 0;
			shellPath = /bin/sh;
			shellScript = "diff \"${PODS_PODFILE_DIR_PATH}/Podfile.lock\" \"${PODS_ROOT}/Manifest.lock\" > /dev/null\nif [ $? != 0 ] ; then\n    # print error to STDERR\n    echo \"error: The sandbox is not in sync with the Podfile.lock. Run 'pod install' or update your CocoaPods installation.\" >&2\n    exit 1\nfi\n# This output is used by Xcode 'outputs' to avoid re-running this script phase.\necho \"SUCCESS\" > \"${SCRIPT_OUTPUT_FILE_0}\"\n";
			showEnvVarsInLog = 0;
		};
		38A690AF2324D7D380D1680F /* [CP] Check Pods Manifest.lock */ = {
			isa = PBXShellScriptBuildPhase;
			buildActionMask = 2147483647;
			files = (
			);
			inputPaths = (
				"${PODS_PODFILE_DIR_PATH}/Podfile.lock",
				"${PODS_ROOT}/Manifest.lock",
			);
			name = "[CP] Check Pods Manifest.lock";
			outputPaths = (
				"$(DERIVED_FILE_DIR)/Pods-recruitment-checkManifestLockResult.txt",
			);
			runOnlyForDeploymentPostprocessing = 0;
			shellPath = /bin/sh;
			shellScript = "diff \"${PODS_PODFILE_DIR_PATH}/Podfile.lock\" \"${PODS_ROOT}/Manifest.lock\" > /dev/null\nif [ $? != 0 ] ; then\n    # print error to STDERR\n    echo \"error: The sandbox is not in sync with the Podfile.lock. Run 'pod install' or update your CocoaPods installation.\" >&2\n    exit 1\nfi\n# This output is used by Xcode 'outputs' to avoid re-running this script phase.\necho \"SUCCESS\" > \"${SCRIPT_OUTPUT_FILE_0}\"\n";
			showEnvVarsInLog = 0;
		};
		88DB00DC01F4380F27916B6C /* [CP] Embed Pods Frameworks */ = {
			isa = PBXShellScriptBuildPhase;
			buildActionMask = 2147483647;
			files = (
			);
			inputPaths = (
				"${SRCROOT}/Pods/Target Support Files/Pods-recruitment/Pods-recruitment-frameworks.sh",
				"${BUILT_PRODUCTS_DIR}/Alamofire/Alamofire.framework",
				"${BUILT_PRODUCTS_DIR}/NVActivityIndicatorView/NVActivityIndicatorView.framework",
			);
			name = "[CP] Embed Pods Frameworks";
			outputPaths = (
				"${TARGET_BUILD_DIR}/${FRAMEWORKS_FOLDER_PATH}/Alamofire.framework",
				"${TARGET_BUILD_DIR}/${FRAMEWORKS_FOLDER_PATH}/NVActivityIndicatorView.framework",
			);
			runOnlyForDeploymentPostprocessing = 0;
			shellPath = /bin/sh;
			shellScript = "\"${SRCROOT}/Pods/Target Support Files/Pods-recruitment/Pods-recruitment-frameworks.sh\"\n";
			showEnvVarsInLog = 0;
		};
		D892BEDCB5B9818F4A815570 /* [CP] Check Pods Manifest.lock */ = {
			isa = PBXShellScriptBuildPhase;
			buildActionMask = 2147483647;
			files = (
			);
			inputPaths = (
				"${PODS_PODFILE_DIR_PATH}/Podfile.lock",
				"${PODS_ROOT}/Manifest.lock",
			);
			name = "[CP] Check Pods Manifest.lock";
			outputPaths = (
				"$(DERIVED_FILE_DIR)/Pods-recruitmentTests-checkManifestLockResult.txt",
			);
			runOnlyForDeploymentPostprocessing = 0;
			shellPath = /bin/sh;
			shellScript = "diff \"${PODS_PODFILE_DIR_PATH}/Podfile.lock\" \"${PODS_ROOT}/Manifest.lock\" > /dev/null\nif [ $? != 0 ] ; then\n    # print error to STDERR\n    echo \"error: The sandbox is not in sync with the Podfile.lock. Run 'pod install' or update your CocoaPods installation.\" >&2\n    exit 1\nfi\n# This output is used by Xcode 'outputs' to avoid re-running this script phase.\necho \"SUCCESS\" > \"${SCRIPT_OUTPUT_FILE_0}\"\n";
			showEnvVarsInLog = 0;
		};
/* End PBXShellScriptBuildPhase section */

/* Begin PBXSourcesBuildPhase section */
		6ECF090720D96D4E002227B2 /* Sources */ = {
			isa = PBXSourcesBuildPhase;
			buildActionMask = 2147483647;
			files = (
				6E0D8B0820EEAF59006C7C33 /* JobListPresenter.swift in Sources */,
				6E0D8B1920EED009006C7C33 /* JobsRequest.swift in Sources */,
				6E0D8AF820EE705E006C7C33 /* IrisApi.swift in Sources */,
				6E0D8B2920F0AC32006C7C33 /* JobDescriptionViewController.swift in Sources */,
				6E44192720DA553F0030BC4C /* LoginViewController.swift in Sources */,
				6E0D8B0320EE7AD4006C7C33 /* LoginInteractor.swift in Sources */,
				6E0D8B2420EFCFFF006C7C33 /* LoginResponseExtension.swift in Sources */,
				6E0D8AFB20EE74A3006C7C33 /* LoginRequest.swift in Sources */,
				6E0D8B0E20EECA80006C7C33 /* Job.swift in Sources */,
				6E0D8B2B20F0B197006C7C33 /* JobDescriptionPresenter.swift in Sources */,
				6E0D8B2620EFD0CB006C7C33 /* JobsResponseExtension.swift in Sources */,
				6E0D8B0120EE79D1006C7C33 /* LoginPresenter.swift in Sources */,
				6E0D8AFD20EE7680006C7C33 /* Endpoints.swift in Sources */,
				6E44192120DA53600030BC4C /* LeftViewTextField.swift in Sources */,
				6E0D8B2220EFCEEB006C7C33 /* SessionManager.swift in Sources */,
				6E0D8B0620EEAF48006C7C33 /* JobListViewController.swift in Sources */,
				6ECF091120D96D4E002227B2 /* ViewController.swift in Sources */,
				6E0D8B2D20F0B1BF006C7C33 /* JobDescriptionInteractor.swift in Sources */,
				6E0D8AFF20EE7776006C7C33 /* LoginResponse.swift in Sources */,
				6E0D8B1320EECE05006C7C33 /* Reusable.swift in Sources */,
				6E0D8B1020EECBFD006C7C33 /* JobListCollectionCell.swift in Sources */,
				6E0D8B1520EECE4B006C7C33 /* NibExtension.swift in Sources */,
				6E0D8B1B20EED026006C7C33 /* JobsResponse.swift in Sources */,
				6E0D8B1D20EED0FD006C7C33 /* LoginErrorResponse.swift in Sources */,
				6E0D8B0A20EEAF67006C7C33 /* JobListInteractor.swift in Sources */,
				6ECF090F20D96D4E002227B2 /* AppDelegate.swift in Sources */,
				6E0D8B1F20EFA78F006C7C33 /* User.swift in Sources */,
			);
			runOnlyForDeploymentPostprocessing = 0;
		};
		6ECF091B20D96D51002227B2 /* Sources */ = {
			isa = PBXSourcesBuildPhase;
			buildActionMask = 2147483647;
			files = (
				6ECF092420D96D51002227B2 /* recruitmentTests.swift in Sources */,
			);
			runOnlyForDeploymentPostprocessing = 0;
		};
		6ECF092620D96D51002227B2 /* Sources */ = {
			isa = PBXSourcesBuildPhase;
			buildActionMask = 2147483647;
			files = (
				6ECF092F20D96D51002227B2 /* recruitmentUITests.swift in Sources */,
			);
			runOnlyForDeploymentPostprocessing = 0;
		};
/* End PBXSourcesBuildPhase section */

/* Begin PBXTargetDependency section */
		6ECF092120D96D51002227B2 /* PBXTargetDependency */ = {
			isa = PBXTargetDependency;
			target = 6ECF090A20D96D4E002227B2 /* recruitment */;
			targetProxy = 6ECF092020D96D51002227B2 /* PBXContainerItemProxy */;
		};
		6ECF092C20D96D51002227B2 /* PBXTargetDependency */ = {
			isa = PBXTargetDependency;
			target = 6ECF090A20D96D4E002227B2 /* recruitment */;
			targetProxy = 6ECF092B20D96D51002227B2 /* PBXContainerItemProxy */;
		};
/* End PBXTargetDependency section */

/* Begin PBXVariantGroup section */
		6ECF091220D96D4E002227B2 /* Main.storyboard */ = {
			isa = PBXVariantGroup;
			children = (
				6ECF091320D96D4E002227B2 /* Base */,
			);
			name = Main.storyboard;
			sourceTree = "<group>";
		};
		6ECF091720D96D51002227B2 /* LaunchScreen.storyboard */ = {
			isa = PBXVariantGroup;
			children = (
				6ECF091820D96D51002227B2 /* Base */,
			);
			name = LaunchScreen.storyboard;
			sourceTree = "<group>";
		};
/* End PBXVariantGroup section */

/* Begin XCBuildConfiguration section */
		6ECF093120D96D51002227B2 /* Debug */ = {
			isa = XCBuildConfiguration;
			buildSettings = {
				ALWAYS_SEARCH_USER_PATHS = NO;
				CLANG_ANALYZER_NONNULL = YES;
				CLANG_ANALYZER_NUMBER_OBJECT_CONVERSION = YES_AGGRESSIVE;
				CLANG_CXX_LANGUAGE_STANDARD = "gnu++14";
				CLANG_CXX_LIBRARY = "libc++";
				CLANG_ENABLE_MODULES = YES;
				CLANG_ENABLE_OBJC_ARC = YES;
				CLANG_ENABLE_OBJC_WEAK = YES;
				CLANG_WARN_BLOCK_CAPTURE_AUTORELEASING = YES;
				CLANG_WARN_BOOL_CONVERSION = YES;
				CLANG_WARN_COMMA = YES;
				CLANG_WARN_CONSTANT_CONVERSION = YES;
				CLANG_WARN_DEPRECATED_OBJC_IMPLEMENTATIONS = YES;
				CLANG_WARN_DIRECT_OBJC_ISA_USAGE = YES_ERROR;
				CLANG_WARN_DOCUMENTATION_COMMENTS = YES;
				CLANG_WARN_EMPTY_BODY = YES;
				CLANG_WARN_ENUM_CONVERSION = YES;
				CLANG_WARN_INFINITE_RECURSION = YES;
				CLANG_WARN_INT_CONVERSION = YES;
				CLANG_WARN_NON_LITERAL_NULL_CONVERSION = YES;
				CLANG_WARN_OBJC_IMPLICIT_RETAIN_SELF = YES;
				CLANG_WARN_OBJC_LITERAL_CONVERSION = YES;
				CLANG_WARN_OBJC_ROOT_CLASS = YES_ERROR;
				CLANG_WARN_RANGE_LOOP_ANALYSIS = YES;
				CLANG_WARN_STRICT_PROTOTYPES = YES;
				CLANG_WARN_SUSPICIOUS_MOVE = YES;
				CLANG_WARN_UNGUARDED_AVAILABILITY = YES_AGGRESSIVE;
				CLANG_WARN_UNREACHABLE_CODE = YES;
				CLANG_WARN__DUPLICATE_METHOD_MATCH = YES;
				CODE_SIGN_IDENTITY = "iPhone Developer";
				COPY_PHASE_STRIP = NO;
				DEBUG_INFORMATION_FORMAT = dwarf;
				ENABLE_STRICT_OBJC_MSGSEND = YES;
				ENABLE_TESTABILITY = YES;
				GCC_C_LANGUAGE_STANDARD = gnu11;
				GCC_DYNAMIC_NO_PIC = NO;
				GCC_NO_COMMON_BLOCKS = YES;
				GCC_OPTIMIZATION_LEVEL = 0;
				GCC_PREPROCESSOR_DEFINITIONS = (
					"DEBUG=1",
					"$(inherited)",
				);
				GCC_WARN_64_TO_32_BIT_CONVERSION = YES;
				GCC_WARN_ABOUT_RETURN_TYPE = YES_ERROR;
				GCC_WARN_UNDECLARED_SELECTOR = YES;
				GCC_WARN_UNINITIALIZED_AUTOS = YES_AGGRESSIVE;
				GCC_WARN_UNUSED_FUNCTION = YES;
				GCC_WARN_UNUSED_VARIABLE = YES;
				IPHONEOS_DEPLOYMENT_TARGET = 11.4;
				MTL_ENABLE_DEBUG_INFO = YES;
				ONLY_ACTIVE_ARCH = YES;
				SDKROOT = iphoneos;
				SWIFT_ACTIVE_COMPILATION_CONDITIONS = DEBUG;
				SWIFT_OPTIMIZATION_LEVEL = "-Onone";
			};
			name = Debug;
		};
		6ECF093220D96D51002227B2 /* Release */ = {
			isa = XCBuildConfiguration;
			buildSettings = {
				ALWAYS_SEARCH_USER_PATHS = NO;
				CLANG_ANALYZER_NONNULL = YES;
				CLANG_ANALYZER_NUMBER_OBJECT_CONVERSION = YES_AGGRESSIVE;
				CLANG_CXX_LANGUAGE_STANDARD = "gnu++14";
				CLANG_CXX_LIBRARY = "libc++";
				CLANG_ENABLE_MODULES = YES;
				CLANG_ENABLE_OBJC_ARC = YES;
				CLANG_ENABLE_OBJC_WEAK = YES;
				CLANG_WARN_BLOCK_CAPTURE_AUTORELEASING = YES;
				CLANG_WARN_BOOL_CONVERSION = YES;
				CLANG_WARN_COMMA = YES;
				CLANG_WARN_CONSTANT_CONVERSION = YES;
				CLANG_WARN_DEPRECATED_OBJC_IMPLEMENTATIONS = YES;
				CLANG_WARN_DIRECT_OBJC_ISA_USAGE = YES_ERROR;
				CLANG_WARN_DOCUMENTATION_COMMENTS = YES;
				CLANG_WARN_EMPTY_BODY = YES;
				CLANG_WARN_ENUM_CONVERSION = YES;
				CLANG_WARN_INFINITE_RECURSION = YES;
				CLANG_WARN_INT_CONVERSION = YES;
				CLANG_WARN_NON_LITERAL_NULL_CONVERSION = YES;
				CLANG_WARN_OBJC_IMPLICIT_RETAIN_SELF = YES;
				CLANG_WARN_OBJC_LITERAL_CONVERSION = YES;
				CLANG_WARN_OBJC_ROOT_CLASS = YES_ERROR;
				CLANG_WARN_RANGE_LOOP_ANALYSIS = YES;
				CLANG_WARN_STRICT_PROTOTYPES = YES;
				CLANG_WARN_SUSPICIOUS_MOVE = YES;
				CLANG_WARN_UNGUARDED_AVAILABILITY = YES_AGGRESSIVE;
				CLANG_WARN_UNREACHABLE_CODE = YES;
				CLANG_WARN__DUPLICATE_METHOD_MATCH = YES;
				CODE_SIGN_IDENTITY = "iPhone Developer";
				COPY_PHASE_STRIP = NO;
				DEBUG_INFORMATION_FORMAT = "dwarf-with-dsym";
				ENABLE_NS_ASSERTIONS = NO;
				ENABLE_STRICT_OBJC_MSGSEND = YES;
				GCC_C_LANGUAGE_STANDARD = gnu11;
				GCC_NO_COMMON_BLOCKS = YES;
				GCC_WARN_64_TO_32_BIT_CONVERSION = YES;
				GCC_WARN_ABOUT_RETURN_TYPE = YES_ERROR;
				GCC_WARN_UNDECLARED_SELECTOR = YES;
				GCC_WARN_UNINITIALIZED_AUTOS = YES_AGGRESSIVE;
				GCC_WARN_UNUSED_FUNCTION = YES;
				GCC_WARN_UNUSED_VARIABLE = YES;
				IPHONEOS_DEPLOYMENT_TARGET = 11.4;
				MTL_ENABLE_DEBUG_INFO = NO;
				SDKROOT = iphoneos;
				SWIFT_COMPILATION_MODE = wholemodule;
				SWIFT_OPTIMIZATION_LEVEL = "-O";
				VALIDATE_PRODUCT = YES;
			};
			name = Release;
		};
		6ECF093420D96D51002227B2 /* Debug */ = {
			isa = XCBuildConfiguration;
			baseConfigurationReference = 37C524A5E9745F8A213B6C9E /* Pods-recruitment.debug.xcconfig */;
			buildSettings = {
				ASSETCATALOG_COMPILER_APPICON_NAME = AppIcon;
				CODE_SIGN_STYLE = Automatic;
				DEVELOPMENT_TEAM = 3Z233GLKUM;
				INFOPLIST_FILE = recruitment/Info.plist;
				LD_RUNPATH_SEARCH_PATHS = (
					"$(inherited)",
					"@executable_path/Frameworks",
				);
				PRODUCT_BUNDLE_IDENTIFIER = com.irisconnect.recruitment;
				PRODUCT_NAME = "$(TARGET_NAME)";
				SWIFT_VERSION = 4.0;
				TARGETED_DEVICE_FAMILY = "1,2";
			};
			name = Debug;
		};
		6ECF093520D96D51002227B2 /* Release */ = {
			isa = XCBuildConfiguration;
			baseConfigurationReference = 1D398041A88BCEE9F4000EDC /* Pods-recruitment.release.xcconfig */;
			buildSettings = {
				ASSETCATALOG_COMPILER_APPICON_NAME = AppIcon;
				CODE_SIGN_STYLE = Automatic;
				DEVELOPMENT_TEAM = 3Z233GLKUM;
				INFOPLIST_FILE = recruitment/Info.plist;
				LD_RUNPATH_SEARCH_PATHS = (
					"$(inherited)",
					"@executable_path/Frameworks",
				);
				PRODUCT_BUNDLE_IDENTIFIER = com.irisconnect.recruitment;
				PRODUCT_NAME = "$(TARGET_NAME)";
				SWIFT_VERSION = 4.0;
				TARGETED_DEVICE_FAMILY = "1,2";
			};
			name = Release;
		};
		6ECF093720D96D51002227B2 /* Debug */ = {
			isa = XCBuildConfiguration;
			baseConfigurationReference = D1536460A93C6C15FDF372FB /* Pods-recruitmentTests.debug.xcconfig */;
			buildSettings = {
				ALWAYS_EMBED_SWIFT_STANDARD_LIBRARIES = YES;
				BUNDLE_LOADER = "$(TEST_HOST)";
				CODE_SIGN_STYLE = Automatic;
				DEVELOPMENT_TEAM = 3Z233GLKUM;
				INFOPLIST_FILE = recruitmentTests/Info.plist;
				LD_RUNPATH_SEARCH_PATHS = (
					"$(inherited)",
					"@executable_path/Frameworks",
					"@loader_path/Frameworks",
				);
				PRODUCT_BUNDLE_IDENTIFIER = com.irisconnect.recruitmentTests;
				PRODUCT_NAME = "$(TARGET_NAME)";
				SWIFT_VERSION = 4.0;
				TARGETED_DEVICE_FAMILY = "1,2";
				TEST_HOST = "$(BUILT_PRODUCTS_DIR)/recruitment.app/recruitment";
			};
			name = Debug;
		};
		6ECF093820D96D51002227B2 /* Release */ = {
			isa = XCBuildConfiguration;
			baseConfigurationReference = 7383DC3B816F46142721187E /* Pods-recruitmentTests.release.xcconfig */;
			buildSettings = {
				ALWAYS_EMBED_SWIFT_STANDARD_LIBRARIES = YES;
				BUNDLE_LOADER = "$(TEST_HOST)";
				CODE_SIGN_STYLE = Automatic;
				DEVELOPMENT_TEAM = 3Z233GLKUM;
				INFOPLIST_FILE = recruitmentTests/Info.plist;
				LD_RUNPATH_SEARCH_PATHS = (
					"$(inherited)",
					"@executable_path/Frameworks",
					"@loader_path/Frameworks",
				);
				PRODUCT_BUNDLE_IDENTIFIER = com.irisconnect.recruitmentTests;
				PRODUCT_NAME = "$(TARGET_NAME)";
				SWIFT_VERSION = 4.0;
				TARGETED_DEVICE_FAMILY = "1,2";
				TEST_HOST = "$(BUILT_PRODUCTS_DIR)/recruitment.app/recruitment";
			};
			name = Release;
		};
		6ECF093A20D96D51002227B2 /* Debug */ = {
			isa = XCBuildConfiguration;
			baseConfigurationReference = E926C4D00601433900911E42 /* Pods-recruitmentUITests.debug.xcconfig */;
			buildSettings = {
				ALWAYS_EMBED_SWIFT_STANDARD_LIBRARIES = YES;
				CODE_SIGN_STYLE = Automatic;
				DEVELOPMENT_TEAM = 3Z233GLKUM;
				INFOPLIST_FILE = recruitmentUITests/Info.plist;
				LD_RUNPATH_SEARCH_PATHS = (
					"$(inherited)",
					"@executable_path/Frameworks",
					"@loader_path/Frameworks",
				);
				PRODUCT_BUNDLE_IDENTIFIER = com.irisconnect.recruitmentUITests;
				PRODUCT_NAME = "$(TARGET_NAME)";
				SWIFT_VERSION = 4.0;
				TARGETED_DEVICE_FAMILY = "1,2";
				TEST_TARGET_NAME = recruitment;
			};
			name = Debug;
		};
		6ECF093B20D96D51002227B2 /* Release */ = {
			isa = XCBuildConfiguration;
			baseConfigurationReference = 55BE6686099E0E24F2C4DB5F /* Pods-recruitmentUITests.release.xcconfig */;
			buildSettings = {
				ALWAYS_EMBED_SWIFT_STANDARD_LIBRARIES = YES;
				CODE_SIGN_STYLE = Automatic;
				DEVELOPMENT_TEAM = 3Z233GLKUM;
				INFOPLIST_FILE = recruitmentUITests/Info.plist;
				LD_RUNPATH_SEARCH_PATHS = (
					"$(inherited)",
					"@executable_path/Frameworks",
					"@loader_path/Frameworks",
				);
				PRODUCT_BUNDLE_IDENTIFIER = com.irisconnect.recruitmentUITests;
				PRODUCT_NAME = "$(TARGET_NAME)";
				SWIFT_VERSION = 4.0;
				TARGETED_DEVICE_FAMILY = "1,2";
				TEST_TARGET_NAME = recruitment;
			};
			name = Release;
		};
/* End XCBuildConfiguration section */

/* Begin XCConfigurationList section */
		6ECF090620D96D4E002227B2 /* Build configuration list for PBXProject "recruitment" */ = {
			isa = XCConfigurationList;
			buildConfigurations = (
				6ECF093120D96D51002227B2 /* Debug */,
				6ECF093220D96D51002227B2 /* Release */,
			);
			defaultConfigurationIsVisible = 0;
			defaultConfigurationName = Release;
		};
		6ECF093320D96D51002227B2 /* Build configuration list for PBXNativeTarget "recruitment" */ = {
			isa = XCConfigurationList;
			buildConfigurations = (
				6ECF093420D96D51002227B2 /* Debug */,
				6ECF093520D96D51002227B2 /* Release */,
			);
			defaultConfigurationIsVisible = 0;
			defaultConfigurationName = Release;
		};
		6ECF093620D96D51002227B2 /* Build configuration list for PBXNativeTarget "recruitmentTests" */ = {
			isa = XCConfigurationList;
			buildConfigurations = (
				6ECF093720D96D51002227B2 /* Debug */,
				6ECF093820D96D51002227B2 /* Release */,
			);
			defaultConfigurationIsVisible = 0;
			defaultConfigurationName = Release;
		};
		6ECF093920D96D51002227B2 /* Build configuration list for PBXNativeTarget "recruitmentUITests" */ = {
			isa = XCConfigurationList;
			buildConfigurations = (
				6ECF093A20D96D51002227B2 /* Debug */,
				6ECF093B20D96D51002227B2 /* Release */,
			);
			defaultConfigurationIsVisible = 0;
			defaultConfigurationName = Release;
		};
/* End XCConfigurationList section */
	};
	rootObject = 6ECF090320D96D4E002227B2 /* Project object */;
}
